
Microsoft Visual Studio Solution File, Format Version 12.00
# Visual Studio Version 16
VisualStudioVersion = 16.0.31313.79
MinimumVisualStudioVersion = 10.0.40219.1
Project("{FAE04EC0-301F-11D3-BF4B-00C04F79EFBC}") = "VersioningSwagger-Sample", "VersioningSwagger-Sample.csproj", "{17806C98-F954-448C-8C07-3CC19AFFE340}"
EndProject
Global
	GlobalSection(SolutionConfigurationPlatforms) = preSolution
		Debug|Any CPU = Debug|Any CPU
		Release|Any CPU = Release|Any CPU
	EndGlobalSection
	GlobalSection(ProjectConfigurationPlatforms) = postSolution
		{17806C98-F954-448C-8C07-3CC19AFFE340}.Debug|Any CPU.ActiveCfg = Debug|Any CPU
		{17806C98-F954-448C-8C07-3CC19AFFE340}.Debug|Any CPU.Build.0 = Debug|Any CPU
		{17806C98-F954-448C-8C07-3CC19AFFE340}.Release|Any CPU.ActiveCfg = Release|Any CPU
		{17806C98-F954-448C-8C07-3CC19AFFE340}.Release|Any CPU.Build.0 = Release|Any CPU
	EndGlobalSection
	GlobalSection(SolutionProperties) = preSolution
		HideSolutionNode = FALSE
	EndGlobalSection
	GlobalSection(ExtensibilityGlobals) = postSolution
		SolutionGuid = {E107733B-4B6F-4803-9D31-5E87CE812C25}
	EndGlobalSection
EndGlobal
